# THIS IS AN AUTOGENERATED FILE. DO NOT EDIT THIS FILE DIRECTLY.
# yarn lockfile v1


applescript@^1.0.0:
  version "1.0.0"
  resolved "https://registry.npm.taobao.org/applescript/download/applescript-1.0.0.tgz#bb87af568cad034a4e48c4bdaf6067a3a2701317"
  integrity sha1-u4evVoytA0pOSMS9r2Bno6JwExc=

clipboard@^2.0.0:
  version "2.0.4"
  resolved "https://registry.npm.taobao.org/clipboard/download/clipboard-2.0.4.tgz#836dafd66cf0fea5d71ce5d5b0bf6e958009112d"
  integrity sha1-g22v1mzw/qXXHOXVsL9ulYAJES0=
  dependencies:
    good-listener "^1.2.2"
    select "^1.1.2"
    tiny-emitter "^2.0.0"

delegate@^3.1.2:
  version "3.2.0"
  resolved "https://registry.npm.taobao.org/delegate/download/delegate-3.2.0.tgz#b66b71c3158522e8ab5744f720d8ca0c2af59166"
  integrity sha1-tmtxwxWFIuirV0T3INjKDCr1kWY=

docsify@4.12.0:
  version "4.12.0"
  resolved "https://registry.yarnpkg.com/docsify/-/docsify-4.12.0.tgz#ac08a5b4a17bd80413b22e5201e35678cdd7e57f"
  integrity sha512-oLr48dLeJ8sTVQfL8HLFqd2sPPG8DNAOvYAXXJQr/+/K9uC2KDhoeu+GGj5U2uFGR5czF3oLvqNBxhEElg1wGw==
  dependencies:
    dompurify "^2.2.6"
    marked "^1.2.9"
    medium-zoom "^1.0.6"
    opencollective-postinstall "^2.0.2"
    prismjs "^1.23.0"
    strip-indent "^3.0.0"
    tinydate "^1.3.0"
    tweezer.js "^1.4.0"

dompurify@^2.2.6:
  version "2.2.6"
  resolved "https://registry.yarnpkg.com/dompurify/-/dompurify-2.2.6.tgz#54945dc5c0b45ce5ae228705777e8e59d7b2edc4"
  integrity sha512-7b7ZArhhH0SP6W2R9cqK6RjaU82FZ2UPM7RO8qN1b1wyvC/NY1FNWcX1Pu00fFOAnzEORtwXe4bPaClg6pUybQ==

good-listener@^1.2.2:
  version "1.2.2"
  resolved "https://registry.npm.taobao.org/good-listener/download/good-listener-1.2.2.tgz#d53b30cdf9313dffb7dc9a0d477096aa6d145c50"
  integrity sha1-1TswzfkxPf+33JoNR3CWqm0UXFA=
  dependencies:
    delegate "^3.1.2"

marked@^1.2.9:
  version "1.2.9"
  resolved "https://registry.yarnpkg.com/marked/-/marked-1.2.9.tgz#53786f8b05d4c01a2a5a76b7d1ec9943d29d72dc"
  integrity sha512-H8lIX2SvyitGX+TRdtS06m1jHMijKN/XjfH6Ooii9fvxMlh8QdqBfBDkGUpMWH2kQNrtixjzYUa3SH8ROTgRRw==

medium-zoom@^1.0.6:
  version "1.0.6"
  resolved "https://registry.yarnpkg.com/medium-zoom/-/medium-zoom-1.0.6.tgz#9247f21ca9313d8bbe9420aca153a410df08d027"
  integrity sha512-UdiUWfvz9fZMg1pzf4dcuqA0W079o0mpqbTnOz5ip4VGYX96QjmbM+OgOU/0uOzAytxC0Ny4z+VcYQnhdifimg==

min-indent@^1.0.0:
  version "1.0.1"
  resolved "https://registry.yarnpkg.com/min-indent/-/min-indent-1.0.1.tgz#a63f681673b30571fbe8bc25686ae746eefa9869"
  integrity sha512-I9jwMn07Sy/IwOj3zVkVik2JTvgpaykDZEigL6Rx6N9LbMywwUSMtxET+7lVoDLLd3O3IXwJwvuuns8UB/HeAg==

opencollective-postinstall@^2.0.2:
  version "2.0.3"
  resolved "https://registry.yarnpkg.com/opencollective-postinstall/-/opencollective-postinstall-2.0.3.tgz#7a0fff978f6dbfa4d006238fbac98ed4198c3259"
  integrity sha512-8AV/sCtuzUeTo8gQK5qDZzARrulB3egtLzFgteqB2tcT4Mw7B8Kt7JcDHmltjz6FOAHsvTevk70gZEbhM4ZS9Q==

prismjs@^1.23.0:
  version "1.23.0"
  resolved "https://registry.yarnpkg.com/prismjs/-/prismjs-1.23.0.tgz#d3b3967f7d72440690497652a9d40ff046067f33"
  integrity sha512-c29LVsqOaLbBHuIbsTxaKENh1N2EQBOHaWv7gkHN4dgRbxSREqDnDbtFJYdpPauS4YCplMSNCABQ6Eeor69bAA==
  optionalDependencies:
    clipboard "^2.0.0"

select@^1.1.2:
  version "1.1.2"
  resolved "https://registry.npm.taobao.org/select/download/select-1.1.2.tgz#0e7350acdec80b1108528786ec1d4418d11b396d"
  integrity sha1-DnNQrN7ICxEIUoeG7B1EGNEbOW0=

strip-indent@^3.0.0:
  version "3.0.0"
  resolved "https://registry.yarnpkg.com/strip-indent/-/strip-indent-3.0.0.tgz#c32e1cee940b6b3432c771bc2c54bcce73cd3001"
  integrity sha512-laJTa3Jb+VQpaC6DseHhF7dXVqHTfJPCRDaEbid/drOhgitgYku/letMUqOXFoWV0zIIUbjpdH2t+tYj4bQMRQ==
  dependencies:
    min-indent "^1.0.0"

tiny-emitter@^2.0.0:
  version "2.1.0"
  resolved "https://registry.npm.taobao.org/tiny-emitter/download/tiny-emitter-2.1.0.tgz#1d1a56edfc51c43e863cbb5382a72330e3555423"
  integrity sha1-HRpW7fxRxD6GPLtTgqcjMONVVCM=

tinydate@^1.3.0:
  version "1.3.0"
  resolved "https://registry.yarnpkg.com/tinydate/-/tinydate-1.3.0.tgz#e6ca8e5a22b51bb4ea1c3a2a4fd1352dbd4c57fb"
  integrity sha512-7cR8rLy2QhYHpsBDBVYnnWXm8uRTr38RoZakFSW7Bs7PzfMPNZthuMLkwqZv7MTu8lhQ91cOFYS5a7iFj2oR3w==

tweezer.js@^1.4.0:
  version "1.5.0"
  resolved "https://registry.npm.taobao.org/tweezer.js/download/tweezer.js-1.5.0.tgz#ca50ac5215022203fd3be4d28617e8e2305f5c0c"
  integrity sha1-ylCsUhUCIgP9O+TShhfo4jBfXAw=
